
Microsoft Visual Studio Solution File, Format Version 12.00
# Visual Studio Version 16
VisualStudioVersion = 16.0.29911.84
MinimumVisualStudioVersion = 10.0.40219.1
Project("{FAE04EC0-301F-11D3-BF4B-00C04F79EFBC}") = "CSharp_PixivGetter_Console", "CSharp_PixivGetter_Console.csproj", "{D1243A01-A48D-44DF-B396-7A9E7F67D114}"
EndProject
Global
	GlobalSection(SolutionConfigurationPlatforms) = preSolution
		Debug|Any CPU = Debug|Any CPU
		Release|Any CPU = Release|Any CPU
	EndGlobalSection
	GlobalSection(ProjectConfigurationPlatforms) = postSolution
		{D1243A01-A48D-44DF-B396-7A9E7F67D114}.Debug|Any CPU.ActiveCfg = Debug|Any CPU
		{D1243A01-A48D-44DF-B396-7A9E7F67D114}.Debug|Any CPU.Build.0 = Debug|Any CPU
		{D1243A01-A48D-44DF-B396-7A9E7F67D114}.Release|Any CPU.ActiveCfg = Release|Any CPU
		{D1243A01-A48D-44DF-B396-7A9E7F67D114}.Release|Any CPU.Build.0 = Release|Any CPU
	EndGlobalSection
	GlobalSection(SolutionProperties) = preSolution
		HideSolutionNode = FALSE
	EndGlobalSection
	GlobalSection(ExtensibilityGlobals) = postSolution
		SolutionGuid = {EEF7A4A7-E857-4D10-9E7F-362C5D6A9267}
	EndGlobalSection
EndGlobal
